
Microsoft Visual Studio Solution File, Format Version 12.00
# Visual Studio Version 17
VisualStudioVersion = 17.13.35931.197 d17.13
MinimumVisualStudioVersion = 10.0.40219.1
Project("{FAE04EC0-301F-11D3-BF4B-00C04F79EFBC}") = "KitabhChautari_WebAssembly", "KitabhChautari_WebAssembly.csproj", "{9EBA61A0-4A06-4E36-809C-CF46D9DF57A5}"
EndProject
Project("{FAE04EC0-301F-11D3-BF4B-00C04F79EFBC}") = "KitabhChautari_Razor", "..\KitabhChautari_Razor\KitabhChautari_Razor.csproj", "{9441F16E-B849-449C-878D-5A4265C9A383}"
EndProject
Project("{FAE04EC0-301F-11D3-BF4B-00C04F79EFBC}") = "KitabhChautari_Api", "..\KitabhChautari_Api\KitabhChautari_Api.csproj", "{FA7D68E3-0772-43D4-87FC-77EE7697D118}"
EndProject
Global
	GlobalSection(SolutionConfigurationPlatforms) = preSolution
		Debug|Any CPU = Debug|Any CPU
		Release|Any CPU = Release|Any CPU
	EndGlobalSection
	GlobalSection(ProjectConfigurationPlatforms) = postSolution
		{9EBA61A0-4A06-4E36-809C-CF46D9DF57A5}.Debug|Any CPU.ActiveCfg = Debug|Any CPU
		{9EBA61A0-4A06-4E36-809C-CF46D9DF57A5}.Debug|Any CPU.Build.0 = Debug|Any CPU
		{9EBA61A0-4A06-4E36-809C-CF46D9DF57A5}.Release|Any CPU.ActiveCfg = Release|Any CPU
		{9EBA61A0-4A06-4E36-809C-CF46D9DF57A5}.Release|Any CPU.Build.0 = Release|Any CPU
		{9441F16E-B849-449C-878D-5A4265C9A383}.Debug|Any CPU.ActiveCfg = Debug|Any CPU
		{9441F16E-B849-449C-878D-5A4265C9A383}.Debug|Any CPU.Build.0 = Debug|Any CPU
		{9441F16E-B849-449C-878D-5A4265C9A383}.Release|Any CPU.ActiveCfg = Release|Any CPU
		{9441F16E-B849-449C-878D-5A4265C9A383}.Release|Any CPU.Build.0 = Release|Any CPU
		{FA7D68E3-0772-43D4-87FC-77EE7697D118}.Debug|Any CPU.ActiveCfg = Debug|Any CPU
		{FA7D68E3-0772-43D4-87FC-77EE7697D118}.Debug|Any CPU.Build.0 = Debug|Any CPU
		{FA7D68E3-0772-43D4-87FC-77EE7697D118}.Release|Any CPU.ActiveCfg = Release|Any CPU
		{FA7D68E3-0772-43D4-87FC-77EE7697D118}.Release|Any CPU.Build.0 = Release|Any CPU
	EndGlobalSection
	GlobalSection(SolutionProperties) = preSolution
		HideSolutionNode = FALSE
	EndGlobalSection
	GlobalSection(ExtensibilityGlobals) = postSolution
		SolutionGuid = {6C24EB71-326C-420E-8932-2056EF00BA97}
	EndGlobalSection
EndGlobal
